// !$*UTF8*$!
{
	archiveVersion = 1;
	classes = {
	};
	objectVersion = 48;
	objects = {

/* Begin PBXBuildFile section */
		02ACEA99D3AB334F0AC69F94 /* libPods-KNScrollVideoPaly.a in Frameworks */ = {isa = PBXBuildFile; fileRef = 3812A04663D24A80C45BA27C /* libPods-KNScrollVideoPaly.a */; };
		C2D07336201B056B0043CCCF /* AppDelegate.m in Sources */ = {isa = PBXBuildFile; fileRef = C2D07335201B056B0043CCCF /* AppDelegate.m */; };
		C2D07339201B056B0043CCCF /* ViewController.m in Sources */ = {isa = PBXBuildFile; fileRef = C2D07338201B056B0043CCCF /* ViewController.m */; };
		C2D0733C201B056B0043CCCF /* Main.storyboard in Resources */ = {isa = PBXBuildFile; fileRef = C2D0733A201B056B0043CCCF /* Main.storyboard */; };
		C2D0733E201B056B0043CCCF /* Assets.xcassets in Resources */ = {isa = PBXBuildFile; fileRef = C2D0733D201B056B0043CCCF /* Assets.xcassets */; };
		C2D07341201B056C0043CCCF /* LaunchScreen.storyboard in Resources */ = {isa = PBXBuildFile; fileRef = C2D0733F201B056C0043CCCF /* LaunchScreen.storyboard */; };
		C2D07344201B056C0043CCCF /* main.m in Sources */ = {isa = PBXBuildFile; fileRef = C2D07343201B056C0043CCCF /* main.m */; };
/* End PBXBuildFile section */

/* Begin PBXFileReference section */
		273202896B4727AC4AC36D7F /* Pods-KNScrollVideoPaly.release.xcconfig */ = {isa = PBXFileReference; includeInIndex = 1; lastKnownFileType = text.xcconfig; name = "Pods-KNScrollVideoPaly.release.xcconfig"; path = "Pods/Target Support Files/Pods-KNScrollVideoPaly/Pods-KNScrollVideoPaly.release.xcconfig"; sourceTree = "<group>"; };
		3812A04663D24A80C45BA27C /* libPods-KNScrollVideoPaly.a */ = {isa = PBXFileReference; explicitFileType = archive.ar; includeInIndex = 0; path = "libPods-KNScrollVideoPaly.a"; sourceTree = BUILT_PRODUCTS_DIR; };
		63FB99710A32B636DB786E06 /* Pods-KNScrollVideoPaly.debug.xcconfig */ = {isa = PBXFileReference; includeInIndex = 1; lastKnownFileType = text.xcconfig; name = "Pods-KNScrollVideoPaly.debug.xcconfig"; path = "Pods/Target Support Files/Pods-KNScrollVideoPaly/Pods-KNScrollVideoPaly.debug.xcconfig"; sourceTree = "<group>"; };
		C2D07331201B056B0043CCCF /* KNScrollVideoPaly.app */ = {isa = PBXFileReference; explicitFileType = wrapper.application; includeInIndex = 0; path = KNScrollVideoPaly.app; sourceTree = BUILT_PRODUCTS_DIR; };
		C2D07334201B056B0043CCCF /* AppDelegate.h */ = {isa = PBXFileReference; lastKnownFileType = sourcecode.c.h; path = AppDelegate.h; sourceTree = "<group>"; };
		C2D07335201B056B0043CCCF /* AppDelegate.m */ = {isa = PBXFileReference; lastKnownFileType = sourcecode.c.objc; path = AppDelegate.m; sourceTree = "<group>"; };
		C2D07337201B056B0043CCCF /* ViewController.h */ = {isa = PBXFileReference; lastKnownFileType = sourcecode.c.h; path = ViewController.h; sourceTree = "<group>"; };
		C2D07338201B056B0043CCCF /* ViewController.m */ = {isa = PBXFileReference; lastKnownFileType = sourcecode.c.objc; path = ViewController.m; sourceTree = "<group>"; };
		C2D0733B201B056B0043CCCF /* Base */ = {isa = PBXFileReference; lastKnownFileType = file.storyboard; name = Base; path = Base.lproj/Main.storyboard; sourceTree = "<group>"; };
		C2D0733D201B056B0043CCCF /* Assets.xcassets */ = {isa = PBXFileReference; lastKnownFileType = folder.assetcatalog; path = Assets.xcassets; sourceTree = "<group>"; };
		C2D07340201B056C0043CCCF /* Base */ = {isa = PBXFileReference; lastKnownFileType = file.storyboard; name = Base; path = Base.lproj/LaunchScreen.storyboard; sourceTree = "<group>"; };
		C2D07342201B056C0043CCCF /* Info.plist */ = {isa = PBXFileReference; lastKnownFileType = text.plist.xml; path = Info.plist; sourceTree = "<group>"; };
		C2D07343201B056C0043CCCF /* main.m */ = {isa = PBXFileReference; lastKnownFileType = sourcecode.c.objc; path = main.m; sourceTree = "<group>"; };
/* End PBXFileReference section */

/* Begin PBXFrameworksBuildPhase section */
		C2D0732E201B056B0043CCCF /* Frameworks */ = {
			isa = PBXFrameworksBuildPhase;
			buildActionMask = 2147483647;
			files = (
				02ACEA99D3AB334F0AC69F94 /* libPods-KNScrollVideoPaly.a in Frameworks */,
			);
			runOnlyForDeploymentPostprocessing = 0;
		};
/* End PBXFrameworksBuildPhase section */

/* Begin PBXGroup section */
		0F23B0B8BD38B19A6DED3EC1 /* Pods */ = {
			isa = PBXGroup;
			children = (
				63FB99710A32B636DB786E06 /* Pods-KNScrollVideoPaly.debug.xcconfig */,
				273202896B4727AC4AC36D7F /* Pods-KNScrollVideoPaly.release.xcconfig */,
			);
			name = Pods;
			sourceTree = "<group>";
		};
		BFE0CF68D93BD35C4E760E35 /* Frameworks */ = {
			isa = PBXGroup;
			children = (
				3812A04663D24A80C45BA27C /* libPods-KNScrollVideoPaly.a */,
			);
			name = Frameworks;
			sourceTree = "<group>";
		};
		C29B2944201F0D23000F23C6 /* Model */ = {
			isa = PBXGroup;
			children = (
			);
			path = Model;
			sourceTree = "<group>";
		};
		C29B2945201F0D24000F23C6 /* View */ = {
			isa = PBXGroup;
			children = (
			);
			path = View;
			sourceTree = "<group>";
		};
		C29B2946201F0D24000F23C6 /* VC */ = {
			isa = PBXGroup;
			children = (
			);
			path = VC;
			sourceTree = "<group>";
		};
		C29B2947201F0D24000F23C6 /* Resources */ = {
			isa = PBXGroup;
			children = (
			);
			path = Resources;
			sourceTree = "<group>";
		};
		C2D07328201B056B0043CCCF = {
			isa = PBXGroup;
			children = (
				C2D07333201B056B0043CCCF /* KNScrollVideoPaly */,
				C2D07332201B056B0043CCCF /* Products */,
				0F23B0B8BD38B19A6DED3EC1 /* Pods */,
				BFE0CF68D93BD35C4E760E35 /* Frameworks */,
			);
			sourceTree = "<group>";
		};
		C2D07332201B056B0043CCCF /* Products */ = {
			isa = PBXGroup;
			children = (
				C2D07331201B056B0043CCCF /* KNScrollVideoPaly.app */,
			);
			name = Products;
			sourceTree = "<group>";
		};
		C2D07333201B056B0043CCCF /* KNScrollVideoPaly */ = {
			isa = PBXGroup;
			children = (
				C29B2944201F0D23000F23C6 /* Model */,
				C29B2947201F0D24000F23C6 /* Resources */,
				C29B2946201F0D24000F23C6 /* VC */,
				C29B2945201F0D24000F23C6 /* View */,
				C2D07334201B056B0043CCCF /* AppDelegate.h */,
				C2D07335201B056B0043CCCF /* AppDelegate.m */,
				C2D07337201B056B0043CCCF /* ViewController.h */,
				C2D07338201B056B0043CCCF /* ViewController.m */,
				C2D0733A201B056B0043CCCF /* Main.storyboard */,
				C2D0733D201B056B0043CCCF /* Assets.xcassets */,
				C2D0733F201B056C0043CCCF /* LaunchScreen.storyboard */,
				C2D07342201B056C0043CCCF /* Info.plist */,
				C2D07343201B056C0043CCCF /* main.m */,
			);
			path = KNScrollVideoPaly;
			sourceTree = "<group>";
		};
/* End PBXGroup section */

/* Begin PBXNativeTarget section */
		C2D07330201B056B0043CCCF /* KNScrollVideoPaly */ = {
			isa = PBXNativeTarget;
			buildConfigurationList = C2D07347201B056C0043CCCF /* Build configuration list for PBXNativeTarget "KNScrollVideoPaly" */;
			buildPhases = (
				80947086FB6B4400413E830A /* [CP] Check Pods Manifest.lock */,
				C2D0732D201B056B0043CCCF /* Sources */,
				C2D0732E201B056B0043CCCF /* Frameworks */,
				C2D0732F201B056B0043CCCF /* Resources */,
				853051545027C6AA13FD32E8 /* [CP] Embed Pods Frameworks */,
				A6A4DECCCE990A714BB492DE /* [CP] Copy Pods Resources */,
			);
			buildRules = (
			);
			dependencies = (
			);
			name = KNScrollVideoPaly;
			productName = KNScrollVideoPaly;
			productReference = C2D07331201B056B0043CCCF /* KNScrollVideoPaly.app */;
			productType = "com.apple.product-type.application";
		};
/* End PBXNativeTarget section */

/* Begin PBXProject section */
		C2D07329201B056B0043CCCF /* Project object */ = {
			isa = PBXProject;
			attributes = {
				LastUpgradeCheck = 0920;
				ORGANIZATIONNAME = leesang;
				TargetAttributes = {
					C2D07330201B056B0043CCCF = {
						CreatedOnToolsVersion = 9.2;
						ProvisioningStyle = Automatic;
					};
				};
			};
			buildConfigurationList = C2D0732C201B056B0043CCCF /* Build configuration list for PBXProject "KNScrollVideoPaly" */;
			compatibilityVersion = "Xcode 8.0";
			developmentRegion = en;
			hasScannedForEncodings = 0;
			knownRegions = (
				en,
				Base,
			);
			mainGroup = C2D07328201B056B0043CCCF;
			productRefGroup = C2D07332201B056B0043CCCF /* Products */;
			projectDirPath = "";
			projectRoot = "";
			targets = (
				C2D07330201B056B0043CCCF /* KNScrollVideoPaly */,
			);
		};
/* End PBXProject section */

/* Begin PBXResourcesBuildPhase section */
		C2D0732F201B056B0043CCCF /* Resources */ = {
			isa = PBXResourcesBuildPhase;
			buildActionMask = 2147483647;
			files = (
				C2D07341201B056C0043CCCF /* LaunchScreen.storyboard in Resources */,
				C2D0733E201B056B0043CCCF /* Assets.xcassets in Resources */,
				C2D0733C201B056B0043CCCF /* Main.storyboard in Resources */,
			);
			runOnlyForDeploymentPostprocessing = 0;
		};
/* End PBXResourcesBuildPhase section */

/* Begin PBXShellScriptBuildPhase section */
		80947086FB6B4400413E830A /* [CP] Check Pods Manifest.lock */ = {
			isa = PBXShellScriptBuildPhase;
			buildActionMask = 2147483647;
			files = (
			);
			inputPaths = (
			);
			name = "[CP] Check Pods Manifest.lock";
			outputPaths = (
			);
			runOnlyForDeploymentPostprocessing = 0;
			shellPath = /bin/sh;
			shellScript = "diff \"${PODS_ROOT}/../Podfile.lock\" \"${PODS_ROOT}/Manifest.lock\" > /dev/null\nif [ $? != 0 ] ; then\n    # print error to STDERR\n    echo \"error: The sandbox is not in sync with the Podfile.lock. Run 'pod install' or update your CocoaPods installation.\" >&2\n    exit 1\nfi\n";
			showEnvVarsInLog = 0;
		};
		853051545027C6AA13FD32E8 /* [CP] Embed Pods Frameworks */ = {
			isa = PBXShellScriptBuildPhase;
			buildActionMask = 2147483647;
			files = (
			);
			inputPaths = (
			);
			name = "[CP] Embed Pods Frameworks";
			outputPaths = (
			);
			runOnlyForDeploymentPostprocessing = 0;
			shellPath = /bin/sh;
			shellScript = "\"${SRCROOT}/Pods/Target Support Files/Pods-KNScrollVideoPaly/Pods-KNScrollVideoPaly-frameworks.sh\"\n";
			showEnvVarsInLog = 0;
		};
		A6A4DECCCE990A714BB492DE /* [CP] Copy Pods Resources */ = {
			isa = PBXShellScriptBuildPhase;
			buildActionMask = 2147483647;
			files = (
			);
			inputPaths = (
			);
			name = "[CP] Copy Pods Resources";
			outputPaths = (
			);
			runOnlyForDeploymentPostprocessing = 0;
			shellPath = /bin/sh;
			shellScript = "\"${SRCROOT}/Pods/Target Support Files/Pods-KNScrollVideoPaly/Pods-KNScrollVideoPaly-resources.sh\"\n";
			showEnvVarsInLog = 0;
		};
/* End PBXShellScriptBuildPhase section */

/* Begin PBXSourcesBuildPhase section */
		C2D0732D201B056B0043CCCF /* Sources */ = {
			isa = PBXSourcesBuildPhase;
			buildActionMask = 2147483647;
			files = (
				C2D07339201B056B0043CCCF /* ViewController.m in Sources */,
				C2D07344201B056C0043CCCF /* main.m in Sources */,
				C2D07336201B056B0043CCCF /* AppDelegate.m in Sources */,
			);
			runOnlyForDeploymentPostprocessing = 0;
		};
/* End PBXSourcesBuildPhase section */

/* Begin PBXVariantGroup section */
		C2D0733A201B056B0043CCCF /* Main.storyboard */ = {
			isa = PBXVariantGroup;
			children = (
				C2D0733B201B056B0043CCCF /* Base */,
			);
			name = Main.storyboard;
			sourceTree = "<group>";
		};
		C2D0733F201B056C0043CCCF /* LaunchScreen.storyboard */ = {
			isa = PBXVariantGroup;
			children = (
				C2D07340201B056C0043CCCF /* Base */,
			);
			name = LaunchScreen.storyboard;
			sourceTree = "<group>";
		};
/* End PBXVariantGroup section */

/* Begin XCBuildConfiguration section */
		C2D07345201B056C0043CCCF /* Debug */ = {
			isa = XCBuildConfiguration;
			buildSettings = {
				ALWAYS_SEARCH_USER_PATHS = NO;
				CLANG_ANALYZER_NONNULL = YES;
				CLANG_ANALYZER_NUMBER_OBJECT_CONVERSION = YES_AGGRESSIVE;
				CLANG_CXX_LANGUAGE_STANDARD = "gnu++14";
				CLANG_CXX_LIBRARY = "libc++";
				CLANG_ENABLE_MODULES = YES;
				CLANG_ENABLE_OBJC_ARC = YES;
				CLANG_WARN_BLOCK_CAPTURE_AUTORELEASING = YES;
				CLANG_WARN_BOOL_CONVERSION = YES;
				CLANG_WARN_COMMA = YES;
				CLANG_WARN_CONSTANT_CONVERSION = YES;
				CLANG_WARN_DIRECT_OBJC_ISA_USAGE = YES_ERROR;
				CLANG_WARN_DOCUMENTATION_COMMENTS = YES;
				CLANG_WARN_EMPTY_BODY = YES;
				CLANG_WARN_ENUM_CONVERSION = YES;
				CLANG_WARN_INFINITE_RECURSION = YES;
				CLANG_WARN_INT_CONVERSION = YES;
				CLANG_WARN_NON_LITERAL_NULL_CONVERSION = YES;
				CLANG_WARN_OBJC_LITERAL_CONVERSION = YES;
				CLANG_WARN_OBJC_ROOT_CLASS = YES_ERROR;
				CLANG_WARN_RANGE_LOOP_ANALYSIS = YES;
				CLANG_WARN_STRICT_PROTOTYPES = YES;
				CLANG_WARN_SUSPICIOUS_MOVE = YES;
				CLANG_WARN_UNGUARDED_AVAILABILITY = YES_AGGRESSIVE;
				CLANG_WARN_UNREACHABLE_CODE = YES;
				CLANG_WARN__DUPLICATE_METHOD_MATCH = YES;
				CODE_SIGN_IDENTITY = "iPhone Developer";
				COPY_PHASE_STRIP = NO;
				DEBUG_INFORMATION_FORMAT = dwarf;
				ENABLE_STRICT_OBJC_MSGSEND = YES;
				ENABLE_TESTABILITY = YES;
				GCC_C_LANGUAGE_STANDARD = gnu11;
				GCC_DYNAMIC_NO_PIC = NO;
				GCC_NO_COMMON_BLOCKS = YES;
				GCC_OPTIMIZATION_LEVEL = 0;
				GCC_PREPROCESSOR_DEFINITIONS = (
					"DEBUG=1",
					"$(inherited)",
				);
				GCC_WARN_64_TO_32_BIT_CONVERSION = YES;
				GCC_WARN_ABOUT_RETURN_TYPE = YES_ERROR;
				GCC_WARN_UNDECLARED_SELECTOR = YES;
				GCC_WARN_UNINITIALIZED_AUTOS = YES_AGGRESSIVE;
				GCC_WARN_UNUSED_FUNCTION = YES;
				GCC_WARN_UNUSED_VARIABLE = YES;
				IPHONEOS_DEPLOYMENT_TARGET = 11.2;
				MTL_ENABLE_DEBUG_INFO = YES;
				ONLY_ACTIVE_ARCH = YES;
				SDKROOT = iphoneos;
			};
			name = Debug;
		};
		C2D07346201B056C0043CCCF /* Release */ = {
			isa = XCBuildConfiguration;
			buildSettings = {
				ALWAYS_SEARCH_USER_PATHS = NO;
				CLANG_ANALYZER_NONNULL = YES;
				CLANG_ANALYZER_NUMBER_OBJECT_CONVERSION = YES_AGGRESSIVE;
				CLANG_CXX_LANGUAGE_STANDARD = "gnu++14";
				CLANG_CXX_LIBRARY = "libc++";
				CLANG_ENABLE_MODULES = YES;
				CLANG_ENABLE_OBJC_ARC = YES;
				CLANG_WARN_BLOCK_CAPTURE_AUTORELEASING = YES;
				CLANG_WARN_BOOL_CONVERSION = YES;
				CLANG_WARN_COMMA = YES;
				CLANG_WARN_CONSTANT_CONVERSION = YES;
				CLANG_WARN_DIRECT_OBJC_ISA_USAGE = YES_ERROR;
				CLANG_WARN_DOCUMENTATION_COMMENTS = YES;
				CLANG_WARN_EMPTY_BODY = YES;
				CLANG_WARN_ENUM_CONVERSION = YES;
				CLANG_WARN_INFINITE_RECURSION = YES;
				CLANG_WARN_INT_CONVERSION = YES;
				CLANG_WARN_NON_LITERAL_NULL_CONVERSION = YES;
				CLANG_WARN_OBJC_LITERAL_CONVERSION = YES;
				CLANG_WARN_OBJC_ROOT_CLASS = YES_ERROR;
				CLANG_WARN_RANGE_LOOP_ANALYSIS = YES;
				CLANG_WARN_STRICT_PROTOTYPES = YES;
				CLANG_WARN_SUSPICIOUS_MOVE = YES;
				CLANG_WARN_UNGUARDED_AVAILABILITY = YES_AGGRESSIVE;
				CLANG_WARN_UNREACHABLE_CODE = YES;
				CLANG_WARN__DUPLICATE_METHOD_MATCH = YES;
				CODE_SIGN_IDENTITY = "iPhone Developer";
				COPY_PHASE_STRIP = NO;
				DEBUG_INFORMATION_FORMAT = "dwarf-with-dsym";
				ENABLE_NS_ASSERTIONS = NO;
				ENABLE_STRICT_OBJC_MSGSEND = YES;
				GCC_C_LANGUAGE_STANDARD = gnu11;
				GCC_NO_COMMON_BLOCKS = YES;
				GCC_WARN_64_TO_32_BIT_CONVERSION = YES;
				GCC_WARN_ABOUT_RETURN_TYPE = YES_ERROR;
				GCC_WARN_UNDECLARED_SELECTOR = YES;
				GCC_WARN_UNINITIALIZED_AUTOS = YES_AGGRESSIVE;
				GCC_WARN_UNUSED_FUNCTION = YES;
				GCC_WARN_UNUSED_VARIABLE = YES;
				IPHONEOS_DEPLOYMENT_TARGET = 11.2;
				MTL_ENABLE_DEBUG_INFO = NO;
				SDKROOT = iphoneos;
				VALIDATE_PRODUCT = YES;
			};
			name = Release;
		};
		C2D07348201B056C0043CCCF /* Debug */ = {
			isa = XCBuildConfiguration;
			baseConfigurationReference = 63FB99710A32B636DB786E06 /* Pods-KNScrollVideoPaly.debug.xcconfig */;
			buildSettings = {
				ASSETCATALOG_COMPILER_APPICON_NAME = AppIcon;
				CODE_SIGN_STYLE = Automatic;
				DEVELOPMENT_TEAM = U258TTAZ4B;
				INFOPLIST_FILE = KNScrollVideoPaly/Info.plist;
				LD_RUNPATH_SEARCH_PATHS = "$(inherited) @executable_path/Frameworks";
				PRODUCT_BUNDLE_IDENTIFIER = krystalname.KNScrollVideoPaly;
				PRODUCT_NAME = "$(TARGET_NAME)";
				TARGETED_DEVICE_FAMILY = "1,2";
			};
			name = Debug;
		};
		C2D07349201B056C0043CCCF /* Release */ = {
			isa = XCBuildConfiguration;
			baseConfigurationReference = 273202896B4727AC4AC36D7F /* Pods-KNScrollVideoPaly.release.xcconfig */;
			buildSettings = {
				ASSETCATALOG_COMPILER_APPICON_NAME = AppIcon;
				CODE_SIGN_STYLE = Automatic;
				DEVELOPMENT_TEAM = U258TTAZ4B;
				INFOPLIST_FILE = KNScrollVideoPaly/Info.plist;
				LD_RUNPATH_SEARCH_PATHS = "$(inherited) @executable_path/Frameworks";
				PRODUCT_BUNDLE_IDENTIFIER = krystalname.KNScrollVideoPaly;
				PRODUCT_NAME = "$(TARGET_NAME)";
				TARGETED_DEVICE_FAMILY = "1,2";
			};
			name = Release;
		};
/* End XCBuildConfiguration section */

/* Begin XCConfigurationList section */
		C2D0732C201B056B0043CCCF /* Build configuration list for PBXProject "KNScrollVideoPaly" */ = {
			isa = XCConfigurationList;
			buildConfigurations = (
				C2D07345201B056C0043CCCF /* Debug */,
				C2D07346201B056C0043CCCF /* Release */,
			);
			defaultConfigurationIsVisible = 0;
			defaultConfigurationName = Release;
		};
		C2D07347201B056C0043CCCF /* Build configuration list for PBXNativeTarget "KNScrollVideoPaly" */ = {
			isa = XCConfigurationList;
			buildConfigurations = (
				C2D07348201B056C0043CCCF /* Debug */,
				C2D07349201B056C0043CCCF /* Release */,
			);
			defaultConfigurationIsVisible = 0;
			defaultConfigurationName = Release;
		};
/* End XCConfigurationList section */
	};
	rootObject = C2D07329201B056B0043CCCF /* Project object */;
}
